
Microsoft Visual Studio Solution File, Format Version 12.00
# Visual Studio Version 17
VisualStudioVersion = 17.5.33402.96
MinimumVisualStudioVersion = 10.0.40219.1
Project("{FAE04EC0-301F-11D3-BF4B-00C04F79EFBC}") = "Domain", "Domain\Domain.csproj", "{428B0B94-2E4E-4D75-BBBE-D98C8C2491B9}"
EndProject
Project("{2150E333-8FDC-42A3-9474-1A3956D46DE8}") = "Shared", "Shared", "{416C97F8-51DE-4A42-A2FE-CC63A5523995}"
EndProject
Global
	GlobalSection(SolutionConfigurationPlatforms) = preSolution
		Debug|Any CPU = Debug|Any CPU
		Release|Any CPU = Release|Any CPU
	EndGlobalSection
	GlobalSection(ProjectConfigurationPlatforms) = postSolution
		{428B0B94-2E4E-4D75-BBBE-D98C8C2491B9}.Debug|Any CPU.ActiveCfg = Debug|Any CPU
		{428B0B94-2E4E-4D75-BBBE-D98C8C2491B9}.Debug|Any CPU.Build.0 = Debug|Any CPU
		{428B0B94-2E4E-4D75-BBBE-D98C8C2491B9}.Release|Any CPU.ActiveCfg = Release|Any CPU
		{428B0B94-2E4E-4D75-BBBE-D98C8C2491B9}.Release|Any CPU.Build.0 = Release|Any CPU
	EndGlobalSection
	GlobalSection(SolutionProperties) = preSolution
		HideSolutionNode = FALSE
	EndGlobalSection
	GlobalSection(ExtensibilityGlobals) = postSolution
		SolutionGuid = {C8059B45-CEC9-41E4-BE3A-32B9A5B59095}
	EndGlobalSection
EndGlobal
